
Microsoft Visual Studio Solution File, Format Version 12.00
# Visual Studio 2013
VisualStudioVersion = 12.0.30501.0
MinimumVisualStudioVersion = 10.0.40219.1
Project("{FAE04EC0-301F-11D3-BF4B-00C04F79EFBC}") = "CompleteAirlinesProject", "CompleteAirlinesProject\CompleteAirlinesProject.csproj", "{627BC6B0-D9CC-40A0-AD88-F6C2EEDE7C5E}"
EndProject
Global
	GlobalSection(SolutionConfigurationPlatforms) = preSolution
		Debug|Any CPU = Debug|Any CPU
		Release|Any CPU = Release|Any CPU
	EndGlobalSection
	GlobalSection(ProjectConfigurationPlatforms) = postSolution
		{627BC6B0-D9CC-40A0-AD88-F6C2EEDE7C5E}.Debug|Any CPU.ActiveCfg = Debug|Any CPU
		{627BC6B0-D9CC-40A0-AD88-F6C2EEDE7C5E}.Debug|Any CPU.Build.0 = Debug|Any CPU
		{627BC6B0-D9CC-40A0-AD88-F6C2EEDE7C5E}.Release|Any CPU.ActiveCfg = Release|Any CPU
		{627BC6B0-D9CC-40A0-AD88-F6C2EEDE7C5E}.Release|Any CPU.Build.0 = Release|Any CPU
	EndGlobalSection
	GlobalSection(SolutionProperties) = preSolution
		HideSolutionNode = FALSE
	EndGlobalSection
EndGlobal
